
Microsoft Visual Studio Solution File, Format Version 12.00
# Visual Studio 2013
VisualStudioVersion = 12.0.31101.0
MinimumVisualStudioVersion = 10.0.40219.1
Project("{FAE04EC0-301F-11D3-BF4B-00C04F79EFBC}") = "MultiWallet", "MultiWallet\MultiWallet.csproj", "{A58FA8FB-D50D-4BF9-999D-4807DEF2558B}"
EndProject
Global
	GlobalSection(SolutionConfigurationPlatforms) = preSolution
		Debug|Any CPU = Debug|Any CPU
		Debug|ARM = Debug|ARM
		Debug|x86 = Debug|x86
		Release|Any CPU = Release|Any CPU
		Release|ARM = Release|ARM
		Release|x86 = Release|x86
	EndGlobalSection
	GlobalSection(ProjectConfigurationPlatforms) = postSolution
		{A58FA8FB-D50D-4BF9-999D-4807DEF2558B}.Debug|Any CPU.ActiveCfg = Debug|Any CPU
		{A58FA8FB-D50D-4BF9-999D-4807DEF2558B}.Debug|Any CPU.Build.0 = Debug|Any CPU
		{A58FA8FB-D50D-4BF9-999D-4807DEF2558B}.Debug|Any CPU.Deploy.0 = Debug|Any CPU
		{A58FA8FB-D50D-4BF9-999D-4807DEF2558B}.Debug|ARM.ActiveCfg = Debug|ARM
		{A58FA8FB-D50D-4BF9-999D-4807DEF2558B}.Debug|ARM.Build.0 = Debug|ARM
		{A58FA8FB-D50D-4BF9-999D-4807DEF2558B}.Debug|ARM.Deploy.0 = Debug|ARM
		{A58FA8FB-D50D-4BF9-999D-4807DEF2558B}.Debug|x86.ActiveCfg = Debug|x86
		{A58FA8FB-D50D-4BF9-999D-4807DEF2558B}.Debug|x86.Build.0 = Debug|x86
		{A58FA8FB-D50D-4BF9-999D-4807DEF2558B}.Debug|x86.Deploy.0 = Debug|x86
		{A58FA8FB-D50D-4BF9-999D-4807DEF2558B}.Release|Any CPU.ActiveCfg = Release|Any CPU
		{A58FA8FB-D50D-4BF9-999D-4807DEF2558B}.Release|Any CPU.Build.0 = Release|Any CPU
		{A58FA8FB-D50D-4BF9-999D-4807DEF2558B}.Release|Any CPU.Deploy.0 = Release|Any CPU
		{A58FA8FB-D50D-4BF9-999D-4807DEF2558B}.Release|ARM.ActiveCfg = Release|ARM
		{A58FA8FB-D50D-4BF9-999D-4807DEF2558B}.Release|ARM.Build.0 = Release|ARM
		{A58FA8FB-D50D-4BF9-999D-4807DEF2558B}.Release|ARM.Deploy.0 = Release|ARM
		{A58FA8FB-D50D-4BF9-999D-4807DEF2558B}.Release|x86.ActiveCfg = Release|x86
		{A58FA8FB-D50D-4BF9-999D-4807DEF2558B}.Release|x86.Build.0 = Release|x86
		{A58FA8FB-D50D-4BF9-999D-4807DEF2558B}.Release|x86.Deploy.0 = Release|x86
	EndGlobalSection
	GlobalSection(SolutionProperties) = preSolution
		HideSolutionNode = FALSE
	EndGlobalSection
EndGlobal
